
Microsoft Visual Studio Solution File, Format Version 12.00
# Visual Studio Version 17
VisualStudioVersion = 17.2.32526.322
MinimumVisualStudioVersion = 10.0.40219.1
Project("{FAE04EC0-301F-11D3-BF4B-00C04F79EFBC}") = "Peliculas", "Peliculas.csproj", "{9462AC08-91FE-4AC8-811B-AE229A760CDB}"
EndProject
Global
	GlobalSection(SolutionConfigurationPlatforms) = preSolution
		Debug|Any CPU = Debug|Any CPU
		Release|Any CPU = Release|Any CPU
	EndGlobalSection
	GlobalSection(ProjectConfigurationPlatforms) = postSolution
		{9462AC08-91FE-4AC8-811B-AE229A760CDB}.Debug|Any CPU.ActiveCfg = Debug|Any CPU
		{9462AC08-91FE-4AC8-811B-AE229A760CDB}.Debug|Any CPU.Build.0 = Debug|Any CPU
		{9462AC08-91FE-4AC8-811B-AE229A760CDB}.Release|Any CPU.ActiveCfg = Release|Any CPU
		{9462AC08-91FE-4AC8-811B-AE229A760CDB}.Release|Any CPU.Build.0 = Release|Any CPU
	EndGlobalSection
	GlobalSection(SolutionProperties) = preSolution
		HideSolutionNode = FALSE
	EndGlobalSection
	GlobalSection(ExtensibilityGlobals) = postSolution
		SolutionGuid = {74C94C4F-1A22-4750-861A-00181980675A}
	EndGlobalSection
EndGlobal
